# This file is automatically @generated by Cargo.
# It is not intended for manual editing.
version = 3

[[package]]
name = "godot-bindings"
version = "0.1.0"
source = "git+https://github.com/godot-rust/gdext?branch=feature/reuse-artifacts#780500d2f333eddccabc078dfdb50c4d2f0a503a"
dependencies = [
 "godot4-artifacts",
]

[[package]]
name = "godot4-artifacts"
version = "0.0.0"
source = "git+https://github.com/godot-rust/godot4-artifacts?branch=4.0#fb0d36076f5dfcef6bb7ffb43f2a6b406aa975d1"

[[package]]
name = "prebuilt-generator"
version = "0.0.0"
dependencies = [
 "godot-bindings",
]
